
Microsoft Visual Studio Solution File, Format Version 12.00
Project("{FAE04EC0-301F-11D3-BF4B-00C04F79EFBC}") = "FlowMeet.Server", "FlowMeet.Server\FlowMeet.Server.csproj", "{3C41A804-BD12-48BB-8531-BE16C02C413E}"
EndProject
Project("{FAE04EC0-301F-11D3-BF4B-00C04F79EFBC}") = "FlowMeet.Server.Tests", "FlowMeet.Server.Tests\FlowMeet.Server.Tests.csproj", "{94F7325A-5447-4B3F-98C1-6176B0B29EBC}"
EndProject
Global
	GlobalSection(SolutionConfigurationPlatforms) = preSolution
		Debug|Any CPU = Debug|Any CPU
		Debug|x64 = Debug|x64
		Debug|x86 = Debug|x86
		Release|Any CPU = Release|Any CPU
		Release|x64 = Release|x64
		Release|x86 = Release|x86
	EndGlobalSection
	GlobalSection(ProjectConfigurationPlatforms) = postSolution
		{3C41A804-BD12-48BB-8531-BE16C02C413E}.Debug|Any CPU.ActiveCfg = Debug|Any CPU
		{3C41A804-BD12-48BB-8531-BE16C02C413E}.Debug|Any CPU.Build.0 = Debug|Any CPU
		{3C41A804-BD12-48BB-8531-BE16C02C413E}.Debug|x64.ActiveCfg = Debug|Any CPU
		{3C41A804-BD12-48BB-8531-BE16C02C413E}.Debug|x64.Build.0 = Debug|Any CPU
		{3C41A804-BD12-48BB-8531-BE16C02C413E}.Debug|x86.ActiveCfg = Debug|Any CPU
		{3C41A804-BD12-48BB-8531-BE16C02C413E}.Debug|x86.Build.0 = Debug|Any CPU
		{3C41A804-BD12-48BB-8531-BE16C02C413E}.Release|Any CPU.ActiveCfg = Release|Any CPU
		{3C41A804-BD12-48BB-8531-BE16C02C413E}.Release|Any CPU.Build.0 = Release|Any CPU
		{3C41A804-BD12-48BB-8531-BE16C02C413E}.Release|x64.ActiveCfg = Release|Any CPU
		{3C41A804-BD12-48BB-8531-BE16C02C413E}.Release|x64.Build.0 = Release|Any CPU
		{3C41A804-BD12-48BB-8531-BE16C02C413E}.Release|x86.ActiveCfg = Release|Any CPU
		{3C41A804-BD12-48BB-8531-BE16C02C413E}.Release|x86.Build.0 = Release|Any CPU
		{94F7325A-5447-4B3F-98C1-6176B0B29EBC}.Debug|Any CPU.ActiveCfg = Debug|Any CPU
		{94F7325A-5447-4B3F-98C1-6176B0B29EBC}.Debug|Any CPU.Build.0 = Debug|Any CPU
		{94F7325A-5447-4B3F-98C1-6176B0B29EBC}.Debug|x64.ActiveCfg = Debug|Any CPU
		{94F7325A-5447-4B3F-98C1-6176B0B29EBC}.Debug|x64.Build.0 = Debug|Any CPU
		{94F7325A-5447-4B3F-98C1-6176B0B29EBC}.Debug|x86.ActiveCfg = Debug|Any CPU
		{94F7325A-5447-4B3F-98C1-6176B0B29EBC}.Debug|x86.Build.0 = Debug|Any CPU
		{94F7325A-5447-4B3F-98C1-6176B0B29EBC}.Release|Any CPU.ActiveCfg = Release|Any CPU
		{94F7325A-5447-4B3F-98C1-6176B0B29EBC}.Release|Any CPU.Build.0 = Release|Any CPU
		{94F7325A-5447-4B3F-98C1-6176B0B29EBC}.Release|x64.ActiveCfg = Release|Any CPU
		{94F7325A-5447-4B3F-98C1-6176B0B29EBC}.Release|x64.Build.0 = Release|Any CPU
		{94F7325A-5447-4B3F-98C1-6176B0B29EBC}.Release|x86.ActiveCfg = Release|Any CPU
		{94F7325A-5447-4B3F-98C1-6176B0B29EBC}.Release|x86.Build.0 = Release|Any CPU
	EndGlobalSection
	GlobalSection(SolutionProperties) = preSolution
		HideSolutionNode = FALSE
	EndGlobalSection
EndGlobal
